// !$*UTF8*$!
{
	archiveVersion = 1;
	classes = {
	};
	objectVersion = 56;
	objects = {

/* Begin PBXBuildFile section */
		D923684C2CCD0CDE004DFC93 /* LandmarkRow.swift in Sources */ = {isa = PBXBuildFile; fileRef = D923684B2CCD0CDB004DFC93 /* LandmarkRow.swift */; };
		D993229F2CC034E400EDD463 /* LandmarksApp.swift in Sources */ = {isa = PBXBuildFile; fileRef = D993229E2CC034E400EDD463 /* LandmarksApp.swift */; };
		D99322A12CC034E400EDD463 /* ContentView.swift in Sources */ = {isa = PBXBuildFile; fileRef = D99322A02CC034E400EDD463 /* ContentView.swift */; };
		D99322A32CC034E600EDD463 /* Assets.xcassets in Resources */ = {isa = PBXBuildFile; fileRef = D99322A22CC034E600EDD463 /* Assets.xcassets */; };
		D99322A62CC034E600EDD463 /* Preview Assets.xcassets in Resources */ = {isa = PBXBuildFile; fileRef = D99322A52CC034E600EDD463 /* Preview Assets.xcassets */; };
		D99322B02CC034E600EDD463 /* LandmarksTests.swift in Sources */ = {isa = PBXBuildFile; fileRef = D99322AF2CC034E600EDD463 /* LandmarksTests.swift */; };
		D99322BA2CC034E600EDD463 /* LandmarksUITests.swift in Sources */ = {isa = PBXBuildFile; fileRef = D99322B92CC034E600EDD463 /* LandmarksUITests.swift */; };
		D99322BC2CC034E600EDD463 /* LandmarksUITestsLaunchTests.swift in Sources */ = {isa = PBXBuildFile; fileRef = D99322BB2CC034E600EDD463 /* LandmarksUITestsLaunchTests.swift */; };
		D9AA40852CD12C1300AD0A2B /* FavoriteButton.swift in Sources */ = {isa = PBXBuildFile; fileRef = D9AA40842CD12C1300AD0A2B /* FavoriteButton.swift */; };
		D9ACD9562CCF22880077A3FF /* LandmarkList.swift in Sources */ = {isa = PBXBuildFile; fileRef = D9ACD9552CCF22880077A3FF /* LandmarkList.swift */; };
		D9ACD9582CCF60B40077A3FF /* LandmarkDetail.swift in Sources */ = {isa = PBXBuildFile; fileRef = D9ACD9572CCF60B40077A3FF /* LandmarkDetail.swift */; };
		D9E790E22CC3F23D007A1346 /* CircleImage.swift in Sources */ = {isa = PBXBuildFile; fileRef = D9E790E12CC3F23D007A1346 /* CircleImage.swift */; };
		D9E790E42CC3FB54007A1346 /* MapView.swift in Sources */ = {isa = PBXBuildFile; fileRef = D9E790E32CC3FB54007A1346 /* MapView.swift */; };
		D9E790E62CC40A15007A1346 /* landmarkData.json in Resources */ = {isa = PBXBuildFile; fileRef = D9E790E52CC40A15007A1346 /* landmarkData.json */; };
		D9E790E82CC40ACC007A1346 /* Landmark.swift in Sources */ = {isa = PBXBuildFile; fileRef = D9E790E72CC40ACC007A1346 /* Landmark.swift */; };
		D9E790EA2CC41602007A1346 /* ModelData.swift in Sources */ = {isa = PBXBuildFile; fileRef = D9E790E92CC41602007A1346 /* ModelData.swift */; };
/* End PBXBuildFile section */

/* Begin PBXContainerItemProxy section */
		D99322AC2CC034E600EDD463 /* PBXContainerItemProxy */ = {
			isa = PBXContainerItemProxy;
			containerPortal = D99322932CC034E400EDD463 /* Project object */;
			proxyType = 1;
			remoteGlobalIDString = D993229A2CC034E400EDD463;
			remoteInfo = Landmarks;
		};
		D99322B62CC034E600EDD463 /* PBXContainerItemProxy */ = {
			isa = PBXContainerItemProxy;
			containerPortal = D99322932CC034E400EDD463 /* Project object */;
			proxyType = 1;
			remoteGlobalIDString = D993229A2CC034E400EDD463;
			remoteInfo = Landmarks;
		};
/* End PBXContainerItemProxy section */

/* Begin PBXFileReference section */
		D923684B2CCD0CDB004DFC93 /* LandmarkRow.swift */ = {isa = PBXFileReference; lastKnownFileType = sourcecode.swift; path = LandmarkRow.swift; sourceTree = "<group>"; };
		D993229B2CC034E400EDD463 /* Landmarks.app */ = {isa = PBXFileReference; explicitFileType = wrapper.application; includeInIndex = 0; path = Landmarks.app; sourceTree = BUILT_PRODUCTS_DIR; };
		D993229E2CC034E400EDD463 /* LandmarksApp.swift */ = {isa = PBXFileReference; lastKnownFileType = sourcecode.swift; path = LandmarksApp.swift; sourceTree = "<group>"; };
		D99322A02CC034E400EDD463 /* ContentView.swift */ = {isa = PBXFileReference; lastKnownFileType = sourcecode.swift; path = ContentView.swift; sourceTree = "<group>"; };
		D99322A22CC034E600EDD463 /* Assets.xcassets */ = {isa = PBXFileReference; lastKnownFileType = folder.assetcatalog; path = Assets.xcassets; sourceTree = "<group>"; };
		D99322A52CC034E600EDD463 /* Preview Assets.xcassets */ = {isa = PBXFileReference; lastKnownFileType = folder.assetcatalog; path = "Preview Assets.xcassets"; sourceTree = "<group>"; };
		D99322AB2CC034E600EDD463 /* LandmarksTests.xctest */ = {isa = PBXFileReference; explicitFileType = wrapper.cfbundle; includeInIndex = 0; path = LandmarksTests.xctest; sourceTree = BUILT_PRODUCTS_DIR; };
		D99322AF2CC034E600EDD463 /* LandmarksTests.swift */ = {isa = PBXFileReference; lastKnownFileType = sourcecode.swift; path = LandmarksTests.swift; sourceTree = "<group>"; };
		D99322B52CC034E600EDD463 /* LandmarksUITests.xctest */ = {isa = PBXFileReference; explicitFileType = wrapper.cfbundle; includeInIndex = 0; path = LandmarksUITests.xctest; sourceTree = BUILT_PRODUCTS_DIR; };
		D99322B92CC034E600EDD463 /* LandmarksUITests.swift */ = {isa = PBXFileReference; lastKnownFileType = sourcecode.swift; path = LandmarksUITests.swift; sourceTree = "<group>"; };
		D99322BB2CC034E600EDD463 /* LandmarksUITestsLaunchTests.swift */ = {isa = PBXFileReference; lastKnownFileType = sourcecode.swift; path = LandmarksUITestsLaunchTests.swift; sourceTree = "<group>"; };
		D9AA40842CD12C1300AD0A2B /* FavoriteButton.swift */ = {isa = PBXFileReference; lastKnownFileType = sourcecode.swift; path = FavoriteButton.swift; sourceTree = "<group>"; };
		D9ACD9552CCF22880077A3FF /* LandmarkList.swift */ = {isa = PBXFileReference; lastKnownFileType = sourcecode.swift; path = LandmarkList.swift; sourceTree = SOURCE_ROOT; };
		D9ACD9572CCF60B40077A3FF /* LandmarkDetail.swift */ = {isa = PBXFileReference; lastKnownFileType = sourcecode.swift; path = LandmarkDetail.swift; sourceTree = "<group>"; };
		D9E790E12CC3F23D007A1346 /* CircleImage.swift */ = {isa = PBXFileReference; lastKnownFileType = sourcecode.swift; path = CircleImage.swift; sourceTree = "<group>"; };
		D9E790E32CC3FB54007A1346 /* MapView.swift */ = {isa = PBXFileReference; lastKnownFileType = sourcecode.swift; path = MapView.swift; sourceTree = "<group>"; };
		D9E790E52CC40A15007A1346 /* landmarkData.json */ = {isa = PBXFileReference; fileEncoding = 4; lastKnownFileType = text.json; path = landmarkData.json; sourceTree = "<group>"; };
		D9E790E72CC40ACC007A1346 /* Landmark.swift */ = {isa = PBXFileReference; lastKnownFileType = sourcecode.swift; path = Landmark.swift; sourceTree = "<group>"; };
		D9E790E92CC41602007A1346 /* ModelData.swift */ = {isa = PBXFileReference; lastKnownFileType = sourcecode.swift; path = ModelData.swift; sourceTree = "<group>"; };
/* End PBXFileReference section */

/* Begin PBXFrameworksBuildPhase section */
		D99322982CC034E400EDD463 /* Frameworks */ = {
			isa = PBXFrameworksBuildPhase;
			buildActionMask = 2147483647;
			files = (
			);
			runOnlyForDeploymentPostprocessing = 0;
		};
		D99322A82CC034E600EDD463 /* Frameworks */ = {
			isa = PBXFrameworksBuildPhase;
			buildActionMask = 2147483647;
			files = (
			);
			runOnlyForDeploymentPostprocessing = 0;
		};
		D99322B22CC034E600EDD463 /* Frameworks */ = {
			isa = PBXFrameworksBuildPhase;
			buildActionMask = 2147483647;
			files = (
			);
			runOnlyForDeploymentPostprocessing = 0;
		};
/* End PBXFrameworksBuildPhase section */

/* Begin PBXGroup section */
		D99322922CC034E400EDD463 = {
			isa = PBXGroup;
			children = (
				D993229D2CC034E400EDD463 /* Landmarks */,
				D99322AE2CC034E600EDD463 /* LandmarksTests */,
				D99322B82CC034E600EDD463 /* LandmarksUITests */,
				D993229C2CC034E400EDD463 /* Products */,
			);
			sourceTree = "<group>";
		};
		D993229C2CC034E400EDD463 /* Products */ = {
			isa = PBXGroup;
			children = (
				D993229B2CC034E400EDD463 /* Landmarks.app */,
				D99322AB2CC034E600EDD463 /* LandmarksTests.xctest */,
				D99322B52CC034E600EDD463 /* LandmarksUITests.xctest */,
			);
			name = Products;
			sourceTree = "<group>";
		};
		D993229D2CC034E400EDD463 /* Landmarks */ = {
			isa = PBXGroup;
			children = (
				D9E790EE2CC912FB007A1346 /* Assets */,
				D9E790ED2CC912D4007A1346 /* Resources */,
				D9E790EC2CC912B3007A1346 /* Model */,
				D9E790EB2CC91280007A1346 /* Views */,
				D993229E2CC034E400EDD463 /* LandmarksApp.swift */,
				D99322A42CC034E600EDD463 /* Preview Content */,
			);
			path = Landmarks;
			sourceTree = "<group>";
		};
		D99322A42CC034E600EDD463 /* Preview Content */ = {
			isa = PBXGroup;
			children = (
				D99322A52CC034E600EDD463 /* Preview Assets.xcassets */,
			);
			path = "Preview Content";
			sourceTree = "<group>";
		};
		D99322AE2CC034E600EDD463 /* LandmarksTests */ = {
			isa = PBXGroup;
			children = (
				D99322AF2CC034E600EDD463 /* LandmarksTests.swift */,
			);
			path = LandmarksTests;
			sourceTree = "<group>";
		};
		D99322B82CC034E600EDD463 /* LandmarksUITests */ = {
			isa = PBXGroup;
			children = (
				D99322B92CC034E600EDD463 /* LandmarksUITests.swift */,
				D99322BB2CC034E600EDD463 /* LandmarksUITestsLaunchTests.swift */,
			);
			path = LandmarksUITests;
			sourceTree = "<group>";
		};
		D9E790EB2CC91280007A1346 /* Views */ = {
			isa = PBXGroup;
			children = (
				D9ACD9552CCF22880077A3FF /* LandmarkList.swift */,
				D9ACD9572CCF60B40077A3FF /* LandmarkDetail.swift */,
				D923684B2CCD0CDB004DFC93 /* LandmarkRow.swift */,
				D99322A02CC034E400EDD463 /* ContentView.swift */,
				D9E790E12CC3F23D007A1346 /* CircleImage.swift */,
				D9E790E32CC3FB54007A1346 /* MapView.swift */,
				D9AA40842CD12C1300AD0A2B /* FavoriteButton.swift */,
			);
			path = Views;
			sourceTree = "<group>";
		};
		D9E790EC2CC912B3007A1346 /* Model */ = {
			isa = PBXGroup;
			children = (
				D9E790E72CC40ACC007A1346 /* Landmark.swift */,
				D9E790E92CC41602007A1346 /* ModelData.swift */,
			);
			path = Model;
			sourceTree = "<group>";
		};
		D9E790ED2CC912D4007A1346 /* Resources */ = {
			isa = PBXGroup;
			children = (
				D9E790E52CC40A15007A1346 /* landmarkData.json */,
			);
			path = Resources;
			sourceTree = "<group>";
		};
		D9E790EE2CC912FB007A1346 /* Assets */ = {
			isa = PBXGroup;
			children = (
				D99322A22CC034E600EDD463 /* Assets.xcassets */,
			);
			path = Assets;
			sourceTree = "<group>";
		};
/* End PBXGroup section */

/* Begin PBXNativeTarget section */
		D993229A2CC034E400EDD463 /* Landmarks */ = {
			isa = PBXNativeTarget;
			buildConfigurationList = D99322BF2CC034E600EDD463 /* Build configuration list for PBXNativeTarget "Landmarks" */;
			buildPhases = (
				D99322972CC034E400EDD463 /* Sources */,
				D99322982CC034E400EDD463 /* Frameworks */,
				D99322992CC034E400EDD463 /* Resources */,
			);
			buildRules = (
			);
			dependencies = (
			);
			name = Landmarks;
			productName = Landmarks;
			productReference = D993229B2CC034E400EDD463 /* Landmarks.app */;
			productType = "com.apple.product-type.application";
		};
		D99322AA2CC034E600EDD463 /* LandmarksTests */ = {
			isa = PBXNativeTarget;
			buildConfigurationList = D99322C22CC034E600EDD463 /* Build configuration list for PBXNativeTarget "LandmarksTests" */;
			buildPhases = (
				D99322A72CC034E600EDD463 /* Sources */,
				D99322A82CC034E600EDD463 /* Frameworks */,
				D99322A92CC034E600EDD463 /* Resources */,
			);
			buildRules = (
			);
			dependencies = (
				D99322AD2CC034E600EDD463 /* PBXTargetDependency */,
			);
			name = LandmarksTests;
			productName = LandmarksTests;
			productReference = D99322AB2CC034E600EDD463 /* LandmarksTests.xctest */;
			productType = "com.apple.product-type.bundle.unit-test";
		};
		D99322B42CC034E600EDD463 /* LandmarksUITests */ = {
			isa = PBXNativeTarget;
			buildConfigurationList = D99322C52CC034E600EDD463 /* Build configuration list for PBXNativeTarget "LandmarksUITests" */;
			buildPhases = (
				D99322B12CC034E600EDD463 /* Sources */,
				D99322B22CC034E600EDD463 /* Frameworks */,
				D99322B32CC034E600EDD463 /* Resources */,
			);
			buildRules = (
			);
			dependencies = (
				D99322B72CC034E600EDD463 /* PBXTargetDependency */,
			);
			name = LandmarksUITests;
			productName = LandmarksUITests;
			productReference = D99322B52CC034E600EDD463 /* LandmarksUITests.xctest */;
			productType = "com.apple.product-type.bundle.ui-testing";
		};
/* End PBXNativeTarget section */

/* Begin PBXProject section */
		D99322932CC034E400EDD463 /* Project object */ = {
			isa = PBXProject;
			attributes = {
				BuildIndependentTargetsInParallel = 1;
				LastSwiftUpdateCheck = 1540;
				LastUpgradeCheck = 1540;
				TargetAttributes = {
					D993229A2CC034E400EDD463 = {
						CreatedOnToolsVersion = 15.4;
					};
					D99322AA2CC034E600EDD463 = {
						CreatedOnToolsVersion = 15.4;
						TestTargetID = D993229A2CC034E400EDD463;
					};
					D99322B42CC034E600EDD463 = {
						CreatedOnToolsVersion = 15.4;
						TestTargetID = D993229A2CC034E400EDD463;
					};
				};
			};
			buildConfigurationList = D99322962CC034E400EDD463 /* Build configuration list for PBXProject "Landmarks" */;
			compatibilityVersion = "Xcode 14.0";
			developmentRegion = en;
			hasScannedForEncodings = 0;
			knownRegions = (
				en,
				Base,
			);
			mainGroup = D99322922CC034E400EDD463;
			productRefGroup = D993229C2CC034E400EDD463 /* Products */;
			projectDirPath = "";
			projectRoot = "";
			targets = (
				D993229A2CC034E400EDD463 /* Landmarks */,
				D99322AA2CC034E600EDD463 /* LandmarksTests */,
				D99322B42CC034E600EDD463 /* LandmarksUITests */,
			);
		};
/* End PBXProject section */

/* Begin PBXResourcesBuildPhase section */
		D99322992CC034E400EDD463 /* Resources */ = {
			isa = PBXResourcesBuildPhase;
			buildActionMask = 2147483647;
			files = (
				D99322A62CC034E600EDD463 /* Preview Assets.xcassets in Resources */,
				D99322A32CC034E600EDD463 /* Assets.xcassets in Resources */,
				D9E790E62CC40A15007A1346 /* landmarkData.json in Resources */,
			);
			runOnlyForDeploymentPostprocessing = 0;
		};
		D99322A92CC034E600EDD463 /* Resources */ = {
			isa = PBXResourcesBuildPhase;
			buildActionMask = 2147483647;
			files = (
			);
			runOnlyForDeploymentPostprocessing = 0;
		};
		D99322B32CC034E600EDD463 /* Resources */ = {
			isa = PBXResourcesBuildPhase;
			buildActionMask = 2147483647;
			files = (
			);
			runOnlyForDeploymentPostprocessing = 0;
		};
/* End PBXResourcesBuildPhase section */

/* Begin PBXSourcesBuildPhase section */
		D99322972CC034E400EDD463 /* Sources */ = {
			isa = PBXSourcesBuildPhase;
			buildActionMask = 2147483647;
			files = (
				D99322A12CC034E400EDD463 /* ContentView.swift in Sources */,
				D9E790E42CC3FB54007A1346 /* MapView.swift in Sources */,
				D923684C2CCD0CDE004DFC93 /* LandmarkRow.swift in Sources */,
				D9AA40852CD12C1300AD0A2B /* FavoriteButton.swift in Sources */,
				D9ACD9562CCF22880077A3FF /* LandmarkList.swift in Sources */,
				D9ACD9582CCF60B40077A3FF /* LandmarkDetail.swift in Sources */,
				D993229F2CC034E400EDD463 /* LandmarksApp.swift in Sources */,
				D9E790E22CC3F23D007A1346 /* CircleImage.swift in Sources */,
				D9E790E82CC40ACC007A1346 /* Landmark.swift in Sources */,
				D9E790EA2CC41602007A1346 /* ModelData.swift in Sources */,
			);
			runOnlyForDeploymentPostprocessing = 0;
		};
		D99322A72CC034E600EDD463 /* Sources */ = {
			isa = PBXSourcesBuildPhase;
			buildActionMask = 2147483647;
			files = (
				D99322B02CC034E600EDD463 /* LandmarksTests.swift in Sources */,
			);
			runOnlyForDeploymentPostprocessing = 0;
		};
		D99322B12CC034E600EDD463 /* Sources */ = {
			isa = PBXSourcesBuildPhase;
			buildActionMask = 2147483647;
			files = (
				D99322BC2CC034E600EDD463 /* LandmarksUITestsLaunchTests.swift in Sources */,
				D99322BA2CC034E600EDD463 /* LandmarksUITests.swift in Sources */,
			);
			runOnlyForDeploymentPostprocessing = 0;
		};
/* End PBXSourcesBuildPhase section */

/* Begin PBXTargetDependency section */
		D99322AD2CC034E600EDD463 /* PBXTargetDependency */ = {
			isa = PBXTargetDependency;
			target = D993229A2CC034E400EDD463 /* Landmarks */;
			targetProxy = D99322AC2CC034E600EDD463 /* PBXContainerItemProxy */;
		};
		D99322B72CC034E600EDD463 /* PBXTargetDependency */ = {
			isa = PBXTargetDependency;
			target = D993229A2CC034E400EDD463 /* Landmarks */;
			targetProxy = D99322B62CC034E600EDD463 /* PBXContainerItemProxy */;
		};
/* End PBXTargetDependency section */

/* Begin XCBuildConfiguration section */
		D99322BD2CC034E600EDD463 /* Debug */ = {
			isa = XCBuildConfiguration;
			buildSettings = {
				ALWAYS_SEARCH_USER_PATHS = NO;
				ASSETCATALOG_COMPILER_GENERATE_SWIFT_ASSET_SYMBOL_EXTENSIONS = YES;
				CLANG_ANALYZER_NONNULL = YES;
				CLANG_ANALYZER_NUMBER_OBJECT_CONVERSION = YES_AGGRESSIVE;
				CLANG_CXX_LANGUAGE_STANDARD = "gnu++20";
				CLANG_ENABLE_MODULES = YES;
				CLANG_ENABLE_OBJC_ARC = YES;
				CLANG_ENABLE_OBJC_WEAK = YES;
				CLANG_WARN_BLOCK_CAPTURE_AUTORELEASING = YES;
				CLANG_WARN_BOOL_CONVERSION = YES;
				CLANG_WARN_COMMA = YES;
				CLANG_WARN_CONSTANT_CONVERSION = YES;
				CLANG_WARN_DEPRECATED_OBJC_IMPLEMENTATIONS = YES;
				CLANG_WARN_DIRECT_OBJC_ISA_USAGE = YES_ERROR;
				CLANG_WARN_DOCUMENTATION_COMMENTS = YES;
				CLANG_WARN_EMPTY_BODY = YES;
				CLANG_WARN_ENUM_CONVERSION = YES;
				CLANG_WARN_INFINITE_RECURSION = YES;
				CLANG_WARN_INT_CONVERSION = YES;
				CLANG_WARN_NON_LITERAL_NULL_CONVERSION = YES;
				CLANG_WARN_OBJC_IMPLICIT_RETAIN_SELF = YES;
				CLANG_WARN_OBJC_LITERAL_CONVERSION = YES;
				CLANG_WARN_OBJC_ROOT_CLASS = YES_ERROR;
				CLANG_WARN_QUOTED_INCLUDE_IN_FRAMEWORK_HEADER = YES;
				CLANG_WARN_RANGE_LOOP_ANALYSIS = YES;
				CLANG_WARN_STRICT_PROTOTYPES = YES;
				CLANG_WARN_SUSPICIOUS_MOVE = YES;
				CLANG_WARN_UNGUARDED_AVAILABILITY = YES_AGGRESSIVE;
				CLANG_WARN_UNREACHABLE_CODE = YES;
				CLANG_WARN__DUPLICATE_METHOD_MATCH = YES;
				COPY_PHASE_STRIP = NO;
				DEBUG_INFORMATION_FORMAT = dwarf;
				ENABLE_STRICT_OBJC_MSGSEND = YES;
				ENABLE_TESTABILITY = YES;
				ENABLE_USER_SCRIPT_SANDBOXING = YES;
				GCC_C_LANGUAGE_STANDARD = gnu17;
				GCC_DYNAMIC_NO_PIC = NO;
				GCC_NO_COMMON_BLOCKS = YES;
				GCC_OPTIMIZATION_LEVEL = 0;
				GCC_PREPROCESSOR_DEFINITIONS = (
					"DEBUG=1",
					"$(inherited)",
				);
				GCC_WARN_64_TO_32_BIT_CONVERSION = YES;
				GCC_WARN_ABOUT_RETURN_TYPE = YES_ERROR;
				GCC_WARN_UNDECLARED_SELECTOR = YES;
				GCC_WARN_UNINITIALIZED_AUTOS = YES_AGGRESSIVE;
				GCC_WARN_UNUSED_FUNCTION = YES;
				GCC_WARN_UNUSED_VARIABLE = YES;
				IPHONEOS_DEPLOYMENT_TARGET = 17.5;
				LOCALIZATION_PREFERS_STRING_CATALOGS = YES;
				MTL_ENABLE_DEBUG_INFO = INCLUDE_SOURCE;
				MTL_FAST_MATH = YES;
				ONLY_ACTIVE_ARCH = YES;
				SDKROOT = iphoneos;
				SWIFT_ACTIVE_COMPILATION_CONDITIONS = "DEBUG $(inherited)";
				SWIFT_OPTIMIZATION_LEVEL = "-Onone";
			};
			name = Debug;
		};
		D99322BE2CC034E600EDD463 /* Release */ = {
			isa = XCBuildConfiguration;
			buildSettings = {
				ALWAYS_SEARCH_USER_PATHS = NO;
				ASSETCATALOG_COMPILER_GENERATE_SWIFT_ASSET_SYMBOL_EXTENSIONS = YES;
				CLANG_ANALYZER_NONNULL = YES;
				CLANG_ANALYZER_NUMBER_OBJECT_CONVERSION = YES_AGGRESSIVE;
				CLANG_CXX_LANGUAGE_STANDARD = "gnu++20";
				CLANG_ENABLE_MODULES = YES;
				CLANG_ENABLE_OBJC_ARC = YES;
				CLANG_ENABLE_OBJC_WEAK = YES;
				CLANG_WARN_BLOCK_CAPTURE_AUTORELEASING = YES;
				CLANG_WARN_BOOL_CONVERSION = YES;
				CLANG_WARN_COMMA = YES;
				CLANG_WARN_CONSTANT_CONVERSION = YES;
				CLANG_WARN_DEPRECATED_OBJC_IMPLEMENTATIONS = YES;
				CLANG_WARN_DIRECT_OBJC_ISA_USAGE = YES_ERROR;
				CLANG_WARN_DOCUMENTATION_COMMENTS = YES;
				CLANG_WARN_EMPTY_BODY = YES;
				CLANG_WARN_ENUM_CONVERSION = YES;
				CLANG_WARN_INFINITE_RECURSION = YES;
				CLANG_WARN_INT_CONVERSION = YES;
				CLANG_WARN_NON_LITERAL_NULL_CONVERSION = YES;
				CLANG_WARN_OBJC_IMPLICIT_RETAIN_SELF = YES;
				CLANG_WARN_OBJC_LITERAL_CONVERSION = YES;
				CLANG_WARN_OBJC_ROOT_CLASS = YES_ERROR;
				CLANG_WARN_QUOTED_INCLUDE_IN_FRAMEWORK_HEADER = YES;
				CLANG_WARN_RANGE_LOOP_ANALYSIS = YES;
				CLANG_WARN_STRICT_PROTOTYPES = YES;
				CLANG_WARN_SUSPICIOUS_MOVE = YES;
				CLANG_WARN_UNGUARDED_AVAILABILITY = YES_AGGRESSIVE;
				CLANG_WARN_UNREACHABLE_CODE = YES;
				CLANG_WARN__DUPLICATE_METHOD_MATCH = YES;
				COPY_PHASE_STRIP = NO;
				DEBUG_INFORMATION_FORMAT = "dwarf-with-dsym";
				ENABLE_NS_ASSERTIONS = NO;
				ENABLE_STRICT_OBJC_MSGSEND = YES;
				ENABLE_USER_SCRIPT_SANDBOXING = YES;
				GCC_C_LANGUAGE_STANDARD = gnu17;
				GCC_NO_COMMON_BLOCKS = YES;
				GCC_WARN_64_TO_32_BIT_CONVERSION = YES;
				GCC_WARN_ABOUT_RETURN_TYPE = YES_ERROR;
				GCC_WARN_UNDECLARED_SELECTOR = YES;
				GCC_WARN_UNINITIALIZED_AUTOS = YES_AGGRESSIVE;
				GCC_WARN_UNUSED_FUNCTION = YES;
				GCC_WARN_UNUSED_VARIABLE = YES;
				IPHONEOS_DEPLOYMENT_TARGET = 17.5;
				LOCALIZATION_PREFERS_STRING_CATALOGS = YES;
				MTL_ENABLE_DEBUG_INFO = NO;
				MTL_FAST_MATH = YES;
				SDKROOT = iphoneos;
				SWIFT_COMPILATION_MODE = wholemodule;
				VALIDATE_PRODUCT = YES;
			};
			name = Release;
		};
		D99322C02CC034E600EDD463 /* Debug */ = {
			isa = XCBuildConfiguration;
			buildSettings = {
				ASSETCATALOG_COMPILER_APPICON_NAME = AppIcon;
				ASSETCATALOG_COMPILER_GLOBAL_ACCENT_COLOR_NAME = AccentColor;
				CODE_SIGN_STYLE = Automatic;
				CURRENT_PROJECT_VERSION = 1;
				DEVELOPMENT_ASSET_PATHS = "\"Landmarks/Preview Content\"";
				ENABLE_PREVIEWS = YES;
				GENERATE_INFOPLIST_FILE = YES;
				INFOPLIST_KEY_UIApplicationSceneManifest_Generation = YES;
				INFOPLIST_KEY_UIApplicationSupportsIndirectInputEvents = YES;
				INFOPLIST_KEY_UILaunchScreen_Generation = YES;
				INFOPLIST_KEY_UISupportedInterfaceOrientations_iPad = "UIInterfaceOrientationPortrait UIInterfaceOrientationPortraitUpsideDown UIInterfaceOrientationLandscapeLeft UIInterfaceOrientationLandscapeRight";
				INFOPLIST_KEY_UISupportedInterfaceOrientations_iPhone = "UIInterfaceOrientationPortrait UIInterfaceOrientationLandscapeLeft UIInterfaceOrientationLandscapeRight";
				LD_RUNPATH_SEARCH_PATHS = (
					"$(inherited)",
					"@executable_path/Frameworks",
				);
				MARKETING_VERSION = 1.0;
				PRODUCT_BUNDLE_IDENTIFIER = name.young.landmarks.Landmarks;
				PRODUCT_NAME = "$(TARGET_NAME)";
				SWIFT_EMIT_LOC_STRINGS = YES;
				SWIFT_VERSION = 5.0;
				TARGETED_DEVICE_FAMILY = "1,2";
			};
			name = Debug;
		};
		D99322C12CC034E600EDD463 /* Release */ = {
			isa = XCBuildConfiguration;
			buildSettings = {
				ASSETCATALOG_COMPILER_APPICON_NAME = AppIcon;
				ASSETCATALOG_COMPILER_GLOBAL_ACCENT_COLOR_NAME = AccentColor;
				CODE_SIGN_STYLE = Automatic;
				CURRENT_PROJECT_VERSION = 1;
				DEVELOPMENT_ASSET_PATHS = "\"Landmarks/Preview Content\"";
				ENABLE_PREVIEWS = YES;
				GENERATE_INFOPLIST_FILE = YES;
				INFOPLIST_KEY_UIApplicationSceneManifest_Generation = YES;
				INFOPLIST_KEY_UIApplicationSupportsIndirectInputEvents = YES;
				INFOPLIST_KEY_UILaunchScreen_Generation = YES;
				INFOPLIST_KEY_UISupportedInterfaceOrientations_iPad = "UIInterfaceOrientationPortrait UIInterfaceOrientationPortraitUpsideDown UIInterfaceOrientationLandscapeLeft UIInterfaceOrientationLandscapeRight";
				INFOPLIST_KEY_UISupportedInterfaceOrientations_iPhone = "UIInterfaceOrientationPortrait UIInterfaceOrientationLandscapeLeft UIInterfaceOrientationLandscapeRight";
				LD_RUNPATH_SEARCH_PATHS = (
					"$(inherited)",
					"@executable_path/Frameworks",
				);
				MARKETING_VERSION = 1.0;
				PRODUCT_BUNDLE_IDENTIFIER = name.young.landmarks.Landmarks;
				PRODUCT_NAME = "$(TARGET_NAME)";
				SWIFT_EMIT_LOC_STRINGS = YES;
				SWIFT_VERSION = 5.0;
				TARGETED_DEVICE_FAMILY = "1,2";
			};
			name = Release;
		};
		D99322C32CC034E600EDD463 /* Debug */ = {
			isa = XCBuildConfiguration;
			buildSettings = {
				ALWAYS_EMBED_SWIFT_STANDARD_LIBRARIES = YES;
				BUNDLE_LOADER = "$(TEST_HOST)";
				CODE_SIGN_STYLE = Automatic;
				CURRENT_PROJECT_VERSION = 1;
				GENERATE_INFOPLIST_FILE = YES;
				IPHONEOS_DEPLOYMENT_TARGET = 17.5;
				MARKETING_VERSION = 1.0;
				PRODUCT_BUNDLE_IDENTIFIER = name.young.landmarks.LandmarksTests;
				PRODUCT_NAME = "$(TARGET_NAME)";
				SWIFT_EMIT_LOC_STRINGS = NO;
				SWIFT_VERSION = 5.0;
				TARGETED_DEVICE_FAMILY = "1,2";
				TEST_HOST = "$(BUILT_PRODUCTS_DIR)/Landmarks.app/$(BUNDLE_EXECUTABLE_FOLDER_PATH)/Landmarks";
			};
			name = Debug;
		};
		D99322C42CC034E600EDD463 /* Release */ = {
			isa = XCBuildConfiguration;
			buildSettings = {
				ALWAYS_EMBED_SWIFT_STANDARD_LIBRARIES = YES;
				BUNDLE_LOADER = "$(TEST_HOST)";
				CODE_SIGN_STYLE = Automatic;
				CURRENT_PROJECT_VERSION = 1;
				GENERATE_INFOPLIST_FILE = YES;
				IPHONEOS_DEPLOYMENT_TARGET = 17.5;
				MARKETING_VERSION = 1.0;
				PRODUCT_BUNDLE_IDENTIFIER = name.young.landmarks.LandmarksTests;
				PRODUCT_NAME = "$(TARGET_NAME)";
				SWIFT_EMIT_LOC_STRINGS = NO;
				SWIFT_VERSION = 5.0;
				TARGETED_DEVICE_FAMILY = "1,2";
				TEST_HOST = "$(BUILT_PRODUCTS_DIR)/Landmarks.app/$(BUNDLE_EXECUTABLE_FOLDER_PATH)/Landmarks";
			};
			name = Release;
		};
		D99322C62CC034E600EDD463 /* Debug */ = {
			isa = XCBuildConfiguration;
			buildSettings = {
				ALWAYS_EMBED_SWIFT_STANDARD_LIBRARIES = YES;
				CODE_SIGN_STYLE = Automatic;
				CURRENT_PROJECT_VERSION = 1;
				GENERATE_INFOPLIST_FILE = YES;
				MARKETING_VERSION = 1.0;
				PRODUCT_BUNDLE_IDENTIFIER = name.young.landmarks.LandmarksUITests;
				PRODUCT_NAME = "$(TARGET_NAME)";
				SWIFT_EMIT_LOC_STRINGS = NO;
				SWIFT_VERSION = 5.0;
				TARGETED_DEVICE_FAMILY = "1,2";
				TEST_TARGET_NAME = Landmarks;
			};
			name = Debug;
		};
		D99322C72CC034E600EDD463 /* Release */ = {
			isa = XCBuildConfiguration;
			buildSettings = {
				ALWAYS_EMBED_SWIFT_STANDARD_LIBRARIES = YES;
				CODE_SIGN_STYLE = Automatic;
				CURRENT_PROJECT_VERSION = 1;
				GENERATE_INFOPLIST_FILE = YES;
				MARKETING_VERSION = 1.0;
				PRODUCT_BUNDLE_IDENTIFIER = name.young.landmarks.LandmarksUITests;
				PRODUCT_NAME = "$(TARGET_NAME)";
				SWIFT_EMIT_LOC_STRINGS = NO;
				SWIFT_VERSION = 5.0;
				TARGETED_DEVICE_FAMILY = "1,2";
				TEST_TARGET_NAME = Landmarks;
			};
			name = Release;
		};
/* End XCBuildConfiguration section */

/* Begin XCConfigurationList section */
		D99322962CC034E400EDD463 /* Build configuration list for PBXProject "Landmarks" */ = {
			isa = XCConfigurationList;
			buildConfigurations = (
				D99322BD2CC034E600EDD463 /* Debug */,
				D99322BE2CC034E600EDD463 /* Release */,
			);
			defaultConfigurationIsVisible = 0;
			defaultConfigurationName = Release;
		};
		D99322BF2CC034E600EDD463 /* Build configuration list for PBXNativeTarget "Landmarks" */ = {
			isa = XCConfigurationList;
			buildConfigurations = (
				D99322C02CC034E600EDD463 /* Debug */,
				D99322C12CC034E600EDD463 /* Release */,
			);
			defaultConfigurationIsVisible = 0;
			defaultConfigurationName = Release;
		};
		D99322C22CC034E600EDD463 /* Build configuration list for PBXNativeTarget "LandmarksTests" */ = {
			isa = XCConfigurationList;
			buildConfigurations = (
				D99322C32CC034E600EDD463 /* Debug */,
				D99322C42CC034E600EDD463 /* Release */,
			);
			defaultConfigurationIsVisible = 0;
			defaultConfigurationName = Release;
		};
		D99322C52CC034E600EDD463 /* Build configuration list for PBXNativeTarget "LandmarksUITests" */ = {
			isa = XCConfigurationList;
			buildConfigurations = (
				D99322C62CC034E600EDD463 /* Debug */,
				D99322C72CC034E600EDD463 /* Release */,
			);
			defaultConfigurationIsVisible = 0;
			defaultConfigurationName = Release;
		};
/* End XCConfigurationList section */
	};
	rootObject = D99322932CC034E400EDD463 /* Project object */;
}
